// !$*UTF8*$!
{
	archiveVersion = 1;
	classes = {
	};
	objectVersion = 56;
	objects = {

/* Begin PBXBuildFile section */
		D749048B2B0F4F9A00D62BA4 /* ExpenseTrackerApp.swift in Sources */ = {isa = PBXBuildFile; fileRef = D749048A2B0F4F9A00D62BA4 /* ExpenseTrackerApp.swift */; };
		D749048D2B0F4F9A00D62BA4 /* ContentView.swift in Sources */ = {isa = PBXBuildFile; fileRef = D749048C2B0F4F9A00D62BA4 /* ContentView.swift */; };
		D749048F2B0F4F9C00D62BA4 /* Assets.xcassets in Resources */ = {isa = PBXBuildFile; fileRef = D749048E2B0F4F9C00D62BA4 /* Assets.xcassets */; };
		D74904922B0F4F9C00D62BA4 /* Preview Assets.xcassets in Resources */ = {isa = PBXBuildFile; fileRef = D74904912B0F4F9C00D62BA4 /* Preview Assets.xcassets */; };
		D749049B2B0F538600D62BA4 /* TransactionModel.swift in Sources */ = {isa = PBXBuildFile; fileRef = D749049A2B0F538600D62BA4 /* TransactionModel.swift */; };
		D749049D2B0F553300D62BA4 /* PreviewData.swift in Sources */ = {isa = PBXBuildFile; fileRef = D749049C2B0F553300D62BA4 /* PreviewData.swift */; };
		D749049F2B0F66DA00D62BA4 /* TransactionRow.swift in Sources */ = {isa = PBXBuildFile; fileRef = D749049E2B0F66DA00D62BA4 /* TransactionRow.swift */; };
		D74904A22B0F695100D62BA4 /* Date.swift in Sources */ = {isa = PBXBuildFile; fileRef = D74904A12B0F695100D62BA4 /* Date.swift */; };
		D74904A42B0F69C600D62BA4 /* String.swift in Sources */ = {isa = PBXBuildFile; fileRef = D74904A32B0F69C600D62BA4 /* String.swift */; };
		D74904A72B0F714600D62BA4 /* SwiftUIFontIcon in Frameworks */ = {isa = PBXBuildFile; productRef = D74904A62B0F714600D62BA4 /* SwiftUIFontIcon */; };
		D74904AA2B0FA58700D62BA4 /* TransactionListViewModel.swift in Sources */ = {isa = PBXBuildFile; fileRef = D74904A92B0FA58700D62BA4 /* TransactionListViewModel.swift */; };
		D74904AC2B0FB1CD00D62BA4 /* TransactionListView.swift in Sources */ = {isa = PBXBuildFile; fileRef = D74904AB2B0FB1CD00D62BA4 /* TransactionListView.swift */; };
		D74904AE2B10CB8D00D62BA4 /* RecentTransactionList.swift in Sources */ = {isa = PBXBuildFile; fileRef = D74904AD2B10CB8D00D62BA4 /* RecentTransactionList.swift */; };
		D74904B12B11F61100D62BA4 /* Collections in Frameworks */ = {isa = PBXBuildFile; productRef = D74904B02B11F61100D62BA4 /* Collections */; };
		D74904B42B11F7A800D62BA4 /* SwiftUICharts in Frameworks */ = {isa = PBXBuildFile; productRef = D74904B32B11F7A800D62BA4 /* SwiftUICharts */; };
/* End PBXBuildFile section */

/* Begin PBXFileReference section */
		D74904872B0F4F9A00D62BA4 /* ExpenseTracker.app */ = {isa = PBXFileReference; explicitFileType = wrapper.application; includeInIndex = 0; path = ExpenseTracker.app; sourceTree = BUILT_PRODUCTS_DIR; };
		D749048A2B0F4F9A00D62BA4 /* ExpenseTrackerApp.swift */ = {isa = PBXFileReference; lastKnownFileType = sourcecode.swift; path = ExpenseTrackerApp.swift; sourceTree = "<group>"; };
		D749048C2B0F4F9A00D62BA4 /* ContentView.swift */ = {isa = PBXFileReference; lastKnownFileType = sourcecode.swift; path = ContentView.swift; sourceTree = "<group>"; };
		D749048E2B0F4F9C00D62BA4 /* Assets.xcassets */ = {isa = PBXFileReference; lastKnownFileType = folder.assetcatalog; path = Assets.xcassets; sourceTree = "<group>"; };
		D74904912B0F4F9C00D62BA4 /* Preview Assets.xcassets */ = {isa = PBXFileReference; lastKnownFileType = folder.assetcatalog; path = "Preview Assets.xcassets"; sourceTree = "<group>"; };
		D749049A2B0F538600D62BA4 /* TransactionModel.swift */ = {isa = PBXFileReference; lastKnownFileType = sourcecode.swift; path = TransactionModel.swift; sourceTree = "<group>"; };
		D749049C2B0F553300D62BA4 /* PreviewData.swift */ = {isa = PBXFileReference; lastKnownFileType = sourcecode.swift; path = PreviewData.swift; sourceTree = "<group>"; };
		D749049E2B0F66DA00D62BA4 /* TransactionRow.swift */ = {isa = PBXFileReference; lastKnownFileType = sourcecode.swift; path = TransactionRow.swift; sourceTree = "<group>"; };
		D74904A12B0F695100D62BA4 /* Date.swift */ = {isa = PBXFileReference; lastKnownFileType = sourcecode.swift; path = Date.swift; sourceTree = "<group>"; };
		D74904A32B0F69C600D62BA4 /* String.swift */ = {isa = PBXFileReference; lastKnownFileType = sourcecode.swift; path = String.swift; sourceTree = "<group>"; };
		D74904A92B0FA58700D62BA4 /* TransactionListViewModel.swift */ = {isa = PBXFileReference; lastKnownFileType = sourcecode.swift; path = TransactionListViewModel.swift; sourceTree = "<group>"; };
		D74904AB2B0FB1CD00D62BA4 /* TransactionListView.swift */ = {isa = PBXFileReference; lastKnownFileType = sourcecode.swift; path = TransactionListView.swift; sourceTree = "<group>"; };
		D74904AD2B10CB8D00D62BA4 /* RecentTransactionList.swift */ = {isa = PBXFileReference; lastKnownFileType = sourcecode.swift; path = RecentTransactionList.swift; sourceTree = "<group>"; };
/* End PBXFileReference section */

/* Begin PBXFrameworksBuildPhase section */
		D74904842B0F4F9A00D62BA4 /* Frameworks */ = {
			isa = PBXFrameworksBuildPhase;
			buildActionMask = 2147483647;
			files = (
				D74904B42B11F7A800D62BA4 /* SwiftUICharts in Frameworks */,
				D74904B12B11F61100D62BA4 /* Collections in Frameworks */,
				D74904A72B0F714600D62BA4 /* SwiftUIFontIcon in Frameworks */,
			);
			runOnlyForDeploymentPostprocessing = 0;
		};
/* End PBXFrameworksBuildPhase section */

/* Begin PBXGroup section */
		D749047E2B0F4F9A00D62BA4 = {
			isa = PBXGroup;
			children = (
				D74904892B0F4F9A00D62BA4 /* ExpenseTracker */,
				D74904882B0F4F9A00D62BA4 /* Products */,
			);
			sourceTree = "<group>";
		};
		D74904882B0F4F9A00D62BA4 /* Products */ = {
			isa = PBXGroup;
			children = (
				D74904872B0F4F9A00D62BA4 /* ExpenseTracker.app */,
			);
			name = Products;
			sourceTree = "<group>";
		};
		D74904892B0F4F9A00D62BA4 /* ExpenseTracker */ = {
			isa = PBXGroup;
			children = (
				D749048A2B0F4F9A00D62BA4 /* ExpenseTrackerApp.swift */,
				D74904A82B0FA56600D62BA4 /* ViewModels */,
				D74904A02B0F694100D62BA4 /* Extensions */,
				D74904992B0F536200D62BA4 /* Models */,
				D74904982B0F535A00D62BA4 /* Views */,
				D749048E2B0F4F9C00D62BA4 /* Assets.xcassets */,
				D74904902B0F4F9C00D62BA4 /* Preview Content */,
			);
			path = ExpenseTracker;
			sourceTree = "<group>";
		};
		D74904902B0F4F9C00D62BA4 /* Preview Content */ = {
			isa = PBXGroup;
			children = (
				D74904912B0F4F9C00D62BA4 /* Preview Assets.xcassets */,
				D749049C2B0F553300D62BA4 /* PreviewData.swift */,
			);
			path = "Preview Content";
			sourceTree = "<group>";
		};
		D74904982B0F535A00D62BA4 /* Views */ = {
			isa = PBXGroup;
			children = (
				D749048C2B0F4F9A00D62BA4 /* ContentView.swift */,
				D749049E2B0F66DA00D62BA4 /* TransactionRow.swift */,
				D74904AB2B0FB1CD00D62BA4 /* TransactionListView.swift */,
				D74904AD2B10CB8D00D62BA4 /* RecentTransactionList.swift */,
			);
			path = Views;
			sourceTree = "<group>";
		};
		D74904992B0F536200D62BA4 /* Models */ = {
			isa = PBXGroup;
			children = (
				D749049A2B0F538600D62BA4 /* TransactionModel.swift */,
			);
			path = Models;
			sourceTree = "<group>";
		};
		D74904A02B0F694100D62BA4 /* Extensions */ = {
			isa = PBXGroup;
			children = (
				D74904A12B0F695100D62BA4 /* Date.swift */,
				D74904A32B0F69C600D62BA4 /* String.swift */,
			);
			path = Extensions;
			sourceTree = "<group>";
		};
		D74904A82B0FA56600D62BA4 /* ViewModels */ = {
			isa = PBXGroup;
			children = (
				D74904A92B0FA58700D62BA4 /* TransactionListViewModel.swift */,
			);
			path = ViewModels;
			sourceTree = "<group>";
		};
/* End PBXGroup section */

/* Begin PBXNativeTarget section */
		D74904862B0F4F9A00D62BA4 /* ExpenseTracker */ = {
			isa = PBXNativeTarget;
			buildConfigurationList = D74904952B0F4F9C00D62BA4 /* Build configuration list for PBXNativeTarget "ExpenseTracker" */;
			buildPhases = (
				D74904832B0F4F9A00D62BA4 /* Sources */,
				D74904842B0F4F9A00D62BA4 /* Frameworks */,
				D74904852B0F4F9A00D62BA4 /* Resources */,
			);
			buildRules = (
			);
			dependencies = (
			);
			name = ExpenseTracker;
			packageProductDependencies = (
				D74904A62B0F714600D62BA4 /* SwiftUIFontIcon */,
				D74904B02B11F61100D62BA4 /* Collections */,
				D74904B32B11F7A800D62BA4 /* SwiftUICharts */,
			);
			productName = ExpenseTracker;
			productReference = D74904872B0F4F9A00D62BA4 /* ExpenseTracker.app */;
			productType = "com.apple.product-type.application";
		};
/* End PBXNativeTarget section */

/* Begin PBXProject section */
		D749047F2B0F4F9A00D62BA4 /* Project object */ = {
			isa = PBXProject;
			attributes = {
				BuildIndependentTargetsInParallel = 1;
				LastSwiftUpdateCheck = 1500;
				LastUpgradeCheck = 1500;
				TargetAttributes = {
					D74904862B0F4F9A00D62BA4 = {
						CreatedOnToolsVersion = 15.0.1;
					};
				};
			};
			buildConfigurationList = D74904822B0F4F9A00D62BA4 /* Build configuration list for PBXProject "ExpenseTracker" */;
			compatibilityVersion = "Xcode 14.0";
			developmentRegion = en;
			hasScannedForEncodings = 0;
			knownRegions = (
				en,
				Base,
			);
			mainGroup = D749047E2B0F4F9A00D62BA4;
			packageReferences = (
				D74904A52B0F714600D62BA4 /* XCRemoteSwiftPackageReference "SwiftUIFontIcon" */,
				D74904AF2B11F61100D62BA4 /* XCRemoteSwiftPackageReference "swift-collections" */,
				D74904B22B11F7A800D62BA4 /* XCRemoteSwiftPackageReference "ChartView" */,
			);
			productRefGroup = D74904882B0F4F9A00D62BA4 /* Products */;
			projectDirPath = "";
			projectRoot = "";
			targets = (
				D74904862B0F4F9A00D62BA4 /* ExpenseTracker */,
			);
		};
/* End PBXProject section */

/* Begin PBXResourcesBuildPhase section */
		D74904852B0F4F9A00D62BA4 /* Resources */ = {
			isa = PBXResourcesBuildPhase;
			buildActionMask = 2147483647;
			files = (
				D74904922B0F4F9C00D62BA4 /* Preview Assets.xcassets in Resources */,
				D749048F2B0F4F9C00D62BA4 /* Assets.xcassets in Resources */,
			);
			runOnlyForDeploymentPostprocessing = 0;
		};
/* End PBXResourcesBuildPhase section */

/* Begin PBXSourcesBuildPhase section */
		D74904832B0F4F9A00D62BA4 /* Sources */ = {
			isa = PBXSourcesBuildPhase;
			buildActionMask = 2147483647;
			files = (
				D749049F2B0F66DA00D62BA4 /* TransactionRow.swift in Sources */,
				D74904A22B0F695100D62BA4 /* Date.swift in Sources */,
				D74904AC2B0FB1CD00D62BA4 /* TransactionListView.swift in Sources */,
				D749049D2B0F553300D62BA4 /* PreviewData.swift in Sources */,
				D749049B2B0F538600D62BA4 /* TransactionModel.swift in Sources */,
				D74904A42B0F69C600D62BA4 /* String.swift in Sources */,
				D749048D2B0F4F9A00D62BA4 /* ContentView.swift in Sources */,
				D749048B2B0F4F9A00D62BA4 /* ExpenseTrackerApp.swift in Sources */,
				D74904AA2B0FA58700D62BA4 /* TransactionListViewModel.swift in Sources */,
				D74904AE2B10CB8D00D62BA4 /* RecentTransactionList.swift in Sources */,
			);
			runOnlyForDeploymentPostprocessing = 0;
		};
/* End PBXSourcesBuildPhase section */

/* Begin XCBuildConfiguration section */
		D74904932B0F4F9C00D62BA4 /* Debug */ = {
			isa = XCBuildConfiguration;
			buildSettings = {
				ALWAYS_SEARCH_USER_PATHS = NO;
				ASSETCATALOG_COMPILER_GENERATE_SWIFT_ASSET_SYMBOL_EXTENSIONS = YES;
				CLANG_ANALYZER_NONNULL = YES;
				CLANG_ANALYZER_NUMBER_OBJECT_CONVERSION = YES_AGGRESSIVE;
				CLANG_CXX_LANGUAGE_STANDARD = "gnu++20";
				CLANG_ENABLE_MODULES = YES;
				CLANG_ENABLE_OBJC_ARC = YES;
				CLANG_ENABLE_OBJC_WEAK = YES;
				CLANG_WARN_BLOCK_CAPTURE_AUTORELEASING = YES;
				CLANG_WARN_BOOL_CONVERSION = YES;
				CLANG_WARN_COMMA = YES;
				CLANG_WARN_CONSTANT_CONVERSION = YES;
				CLANG_WARN_DEPRECATED_OBJC_IMPLEMENTATIONS = YES;
				CLANG_WARN_DIRECT_OBJC_ISA_USAGE = YES_ERROR;
				CLANG_WARN_DOCUMENTATION_COMMENTS = YES;
				CLANG_WARN_EMPTY_BODY = YES;
				CLANG_WARN_ENUM_CONVERSION = YES;
				CLANG_WARN_INFINITE_RECURSION = YES;
				CLANG_WARN_INT_CONVERSION = YES;
				CLANG_WARN_NON_LITERAL_NULL_CONVERSION = YES;
				CLANG_WARN_OBJC_IMPLICIT_RETAIN_SELF = YES;
				CLANG_WARN_OBJC_LITERAL_CONVERSION = YES;
				CLANG_WARN_OBJC_ROOT_CLASS = YES_ERROR;
				CLANG_WARN_QUOTED_INCLUDE_IN_FRAMEWORK_HEADER = YES;
				CLANG_WARN_RANGE_LOOP_ANALYSIS = YES;
				CLANG_WARN_STRICT_PROTOTYPES = YES;
				CLANG_WARN_SUSPICIOUS_MOVE = YES;
				CLANG_WARN_UNGUARDED_AVAILABILITY = YES_AGGRESSIVE;
				CLANG_WARN_UNREACHABLE_CODE = YES;
				CLANG_WARN__DUPLICATE_METHOD_MATCH = YES;
				COPY_PHASE_STRIP = NO;
				DEBUG_INFORMATION_FORMAT = dwarf;
				ENABLE_STRICT_OBJC_MSGSEND = YES;
				ENABLE_TESTABILITY = YES;
				ENABLE_USER_SCRIPT_SANDBOXING = YES;
				GCC_C_LANGUAGE_STANDARD = gnu17;
				GCC_DYNAMIC_NO_PIC = NO;
				GCC_NO_COMMON_BLOCKS = YES;
				GCC_OPTIMIZATION_LEVEL = 0;
				GCC_PREPROCESSOR_DEFINITIONS = (
					"DEBUG=1",
					"$(inherited)",
				);
				GCC_WARN_64_TO_32_BIT_CONVERSION = YES;
				GCC_WARN_ABOUT_RETURN_TYPE = YES_ERROR;
				GCC_WARN_UNDECLARED_SELECTOR = YES;
				GCC_WARN_UNINITIALIZED_AUTOS = YES_AGGRESSIVE;
				GCC_WARN_UNUSED_FUNCTION = YES;
				GCC_WARN_UNUSED_VARIABLE = YES;
				IPHONEOS_DEPLOYMENT_TARGET = 17.0;
				LOCALIZATION_PREFERS_STRING_CATALOGS = YES;
				MTL_ENABLE_DEBUG_INFO = INCLUDE_SOURCE;
				MTL_FAST_MATH = YES;
				ONLY_ACTIVE_ARCH = YES;
				SDKROOT = iphoneos;
				SWIFT_ACTIVE_COMPILATION_CONDITIONS = "DEBUG $(inherited)";
				SWIFT_OPTIMIZATION_LEVEL = "-Onone";
			};
			name = Debug;
		};
		D74904942B0F4F9C00D62BA4 /* Release */ = {
			isa = XCBuildConfiguration;
			buildSettings = {
				ALWAYS_SEARCH_USER_PATHS = NO;
				ASSETCATALOG_COMPILER_GENERATE_SWIFT_ASSET_SYMBOL_EXTENSIONS = YES;
				CLANG_ANALYZER_NONNULL = YES;
				CLANG_ANALYZER_NUMBER_OBJECT_CONVERSION = YES_AGGRESSIVE;
				CLANG_CXX_LANGUAGE_STANDARD = "gnu++20";
				CLANG_ENABLE_MODULES = YES;
				CLANG_ENABLE_OBJC_ARC = YES;
				CLANG_ENABLE_OBJC_WEAK = YES;
				CLANG_WARN_BLOCK_CAPTURE_AUTORELEASING = YES;
				CLANG_WARN_BOOL_CONVERSION = YES;
				CLANG_WARN_COMMA = YES;
				CLANG_WARN_CONSTANT_CONVERSION = YES;
				CLANG_WARN_DEPRECATED_OBJC_IMPLEMENTATIONS = YES;
				CLANG_WARN_DIRECT_OBJC_ISA_USAGE = YES_ERROR;
				CLANG_WARN_DOCUMENTATION_COMMENTS = YES;
				CLANG_WARN_EMPTY_BODY = YES;
				CLANG_WARN_ENUM_CONVERSION = YES;
				CLANG_WARN_INFINITE_RECURSION = YES;
				CLANG_WARN_INT_CONVERSION = YES;
				CLANG_WARN_NON_LITERAL_NULL_CONVERSION = YES;
				CLANG_WARN_OBJC_IMPLICIT_RETAIN_SELF = YES;
				CLANG_WARN_OBJC_LITERAL_CONVERSION = YES;
				CLANG_WARN_OBJC_ROOT_CLASS = YES_ERROR;
				CLANG_WARN_QUOTED_INCLUDE_IN_FRAMEWORK_HEADER = YES;
				CLANG_WARN_RANGE_LOOP_ANALYSIS = YES;
				CLANG_WARN_STRICT_PROTOTYPES = YES;
				CLANG_WARN_SUSPICIOUS_MOVE = YES;
				CLANG_WARN_UNGUARDED_AVAILABILITY = YES_AGGRESSIVE;
				CLANG_WARN_UNREACHABLE_CODE = YES;
				CLANG_WARN__DUPLICATE_METHOD_MATCH = YES;
				COPY_PHASE_STRIP = NO;
				DEBUG_INFORMATION_FORMAT = "dwarf-with-dsym";
				ENABLE_NS_ASSERTIONS = NO;
				ENABLE_STRICT_OBJC_MSGSEND = YES;
				ENABLE_USER_SCRIPT_SANDBOXING = YES;
				GCC_C_LANGUAGE_STANDARD = gnu17;
				GCC_NO_COMMON_BLOCKS = YES;
				GCC_WARN_64_TO_32_BIT_CONVERSION = YES;
				GCC_WARN_ABOUT_RETURN_TYPE = YES_ERROR;
				GCC_WARN_UNDECLARED_SELECTOR = YES;
				GCC_WARN_UNINITIALIZED_AUTOS = YES_AGGRESSIVE;
				GCC_WARN_UNUSED_FUNCTION = YES;
				GCC_WARN_UNUSED_VARIABLE = YES;
				IPHONEOS_DEPLOYMENT_TARGET = 17.0;
				LOCALIZATION_PREFERS_STRING_CATALOGS = YES;
				MTL_ENABLE_DEBUG_INFO = NO;
				MTL_FAST_MATH = YES;
				SDKROOT = iphoneos;
				SWIFT_COMPILATION_MODE = wholemodule;
				VALIDATE_PRODUCT = YES;
			};
			name = Release;
		};
		D74904962B0F4F9C00D62BA4 /* Debug */ = {
			isa = XCBuildConfiguration;
			buildSettings = {
				ASSETCATALOG_COMPILER_APPICON_NAME = AppIcon;
				ASSETCATALOG_COMPILER_GLOBAL_ACCENT_COLOR_NAME = AccentColor;
				CODE_SIGN_STYLE = Automatic;
				CURRENT_PROJECT_VERSION = 1;
				DEVELOPMENT_ASSET_PATHS = "\"ExpenseTracker/Preview Content\"";
				DEVELOPMENT_TEAM = M7QC4X74R8;
				ENABLE_PREVIEWS = YES;
				GENERATE_INFOPLIST_FILE = YES;
				INFOPLIST_KEY_UIApplicationSceneManifest_Generation = YES;
				INFOPLIST_KEY_UIApplicationSupportsIndirectInputEvents = YES;
				INFOPLIST_KEY_UILaunchScreen_Generation = YES;
				INFOPLIST_KEY_UISupportedInterfaceOrientations_iPad = "UIInterfaceOrientationPortrait UIInterfaceOrientationPortraitUpsideDown UIInterfaceOrientationLandscapeLeft UIInterfaceOrientationLandscapeRight";
				INFOPLIST_KEY_UISupportedInterfaceOrientations_iPhone = "UIInterfaceOrientationPortrait UIInterfaceOrientationLandscapeLeft UIInterfaceOrientationLandscapeRight";
				LD_RUNPATH_SEARCH_PATHS = (
					"$(inherited)",
					"@executable_path/Frameworks",
				);
				MARKETING_VERSION = 1.0;
				PRODUCT_BUNDLE_IDENTIFIER = AlexisSchotte.ExpenseTracker;
				PRODUCT_NAME = "$(TARGET_NAME)";
				SWIFT_EMIT_LOC_STRINGS = YES;
				SWIFT_VERSION = 5.0;
				TARGETED_DEVICE_FAMILY = "1,2";
			};
			name = Debug;
		};
		D74904972B0F4F9C00D62BA4 /* Release */ = {
			isa = XCBuildConfiguration;
			buildSettings = {
				ASSETCATALOG_COMPILER_APPICON_NAME = AppIcon;
				ASSETCATALOG_COMPILER_GLOBAL_ACCENT_COLOR_NAME = AccentColor;
				CODE_SIGN_STYLE = Automatic;
				CURRENT_PROJECT_VERSION = 1;
				DEVELOPMENT_ASSET_PATHS = "\"ExpenseTracker/Preview Content\"";
				DEVELOPMENT_TEAM = M7QC4X74R8;
				ENABLE_PREVIEWS = YES;
				GENERATE_INFOPLIST_FILE = YES;
				INFOPLIST_KEY_UIApplicationSceneManifest_Generation = YES;
				INFOPLIST_KEY_UIApplicationSupportsIndirectInputEvents = YES;
				INFOPLIST_KEY_UILaunchScreen_Generation = YES;
				INFOPLIST_KEY_UISupportedInterfaceOrientations_iPad = "UIInterfaceOrientationPortrait UIInterfaceOrientationPortraitUpsideDown UIInterfaceOrientationLandscapeLeft UIInterfaceOrientationLandscapeRight";
				INFOPLIST_KEY_UISupportedInterfaceOrientations_iPhone = "UIInterfaceOrientationPortrait UIInterfaceOrientationLandscapeLeft UIInterfaceOrientationLandscapeRight";
				LD_RUNPATH_SEARCH_PATHS = (
					"$(inherited)",
					"@executable_path/Frameworks",
				);
				MARKETING_VERSION = 1.0;
				PRODUCT_BUNDLE_IDENTIFIER = AlexisSchotte.ExpenseTracker;
				PRODUCT_NAME = "$(TARGET_NAME)";
				SWIFT_EMIT_LOC_STRINGS = YES;
				SWIFT_VERSION = 5.0;
				TARGETED_DEVICE_FAMILY = "1,2";
			};
			name = Release;
		};
/* End XCBuildConfiguration section */

/* Begin XCConfigurationList section */
		D74904822B0F4F9A00D62BA4 /* Build configuration list for PBXProject "ExpenseTracker" */ = {
			isa = XCConfigurationList;
			buildConfigurations = (
				D74904932B0F4F9C00D62BA4 /* Debug */,
				D74904942B0F4F9C00D62BA4 /* Release */,
			);
			defaultConfigurationIsVisible = 0;
			defaultConfigurationName = Release;
		};
		D74904952B0F4F9C00D62BA4 /* Build configuration list for PBXNativeTarget "ExpenseTracker" */ = {
			isa = XCConfigurationList;
			buildConfigurations = (
				D74904962B0F4F9C00D62BA4 /* Debug */,
				D74904972B0F4F9C00D62BA4 /* Release */,
			);
			defaultConfigurationIsVisible = 0;
			defaultConfigurationName = Release;
		};
/* End XCConfigurationList section */

/* Begin XCRemoteSwiftPackageReference section */
		D74904A52B0F714600D62BA4 /* XCRemoteSwiftPackageReference "SwiftUIFontIcon" */ = {
			isa = XCRemoteSwiftPackageReference;
			repositoryURL = "https://github.com/huybuidac/SwiftUIFontIcon";
			requirement = {
				kind = upToNextMajorVersion;
				minimumVersion = 2.1.0;
			};
		};
		D74904AF2B11F61100D62BA4 /* XCRemoteSwiftPackageReference "swift-collections" */ = {
			isa = XCRemoteSwiftPackageReference;
			repositoryURL = "https://github.com/apple/swift-collections.git";
			requirement = {
				kind = upToNextMajorVersion;
				minimumVersion = 1.0.5;
			};
		};
		D74904B22B11F7A800D62BA4 /* XCRemoteSwiftPackageReference "ChartView" */ = {
			isa = XCRemoteSwiftPackageReference;
			repositoryURL = "https://github.com/AppPear/ChartView.git";
			requirement = {
				kind = exactVersion;
				version = "2.0.0-beta.2";
			};
		};
/* End XCRemoteSwiftPackageReference section */

/* Begin XCSwiftPackageProductDependency section */
		D74904A62B0F714600D62BA4 /* SwiftUIFontIcon */ = {
			isa = XCSwiftPackageProductDependency;
			package = D74904A52B0F714600D62BA4 /* XCRemoteSwiftPackageReference "SwiftUIFontIcon" */;
			productName = SwiftUIFontIcon;
		};
		D74904B02B11F61100D62BA4 /* Collections */ = {
			isa = XCSwiftPackageProductDependency;
			package = D74904AF2B11F61100D62BA4 /* XCRemoteSwiftPackageReference "swift-collections" */;
			productName = Collections;
		};
		D74904B32B11F7A800D62BA4 /* SwiftUICharts */ = {
			isa = XCSwiftPackageProductDependency;
			package = D74904B22B11F7A800D62BA4 /* XCRemoteSwiftPackageReference "ChartView" */;
			productName = SwiftUICharts;
		};
/* End XCSwiftPackageProductDependency section */
	};
	rootObject = D749047F2B0F4F9A00D62BA4 /* Project object */;
}
